Microsoft Visual Studio Solution File, Format Version 12.00
# Visual Studio Version 17
VisualStudioVersion = 17.5.2.0
MinimumVisualStudioVersion = 10.0.40219.1
Project("{FAE04EC0-301F-11D3-BF4B-00C04F79EFBC}") = "AMST5_Task11_Interface01", "AMST5_Task11_Interface01.csproj", "{953F0F1B-98D1-29F0-2A8C-624E3C38FDA3}"
EndProject
Global
	GlobalSection(SolutionConfigurationPlatforms) = preSolution
		Debug|Any CPU = Debug|Any CPU
		Release|Any CPU = Release|Any CPU
	EndGlobalSection
	GlobalSection(ProjectConfigurationPlatforms) = postSolution
		{953F0F1B-98D1-29F0-2A8C-624E3C38FDA3}.Debug|Any CPU.ActiveCfg = Debug|Any CPU
		{953F0F1B-98D1-29F0-2A8C-624E3C38FDA3}.Debug|Any CPU.Build.0 = Debug|Any CPU
		{953F0F1B-98D1-29F0-2A8C-624E3C38FDA3}.Release|Any CPU.ActiveCfg = Release|Any CPU
		{953F0F1B-98D1-29F0-2A8C-624E3C38FDA3}.Release|Any CPU.Build.0 = Release|Any CPU
	EndGlobalSection
	GlobalSection(SolutionProperties) = preSolution
		HideSolutionNode = FALSE
	EndGlobalSection
	GlobalSection(ExtensibilityGlobals) = postSolution
		SolutionGuid = {E03DF01A-4405-473E-9546-C8867F9CA7AD}
	EndGlobalSection
EndGlobal
